Microsoft Visual Studio Solution File, Format Version 12.00
# Visual Studio Version 16
VisualStudioVersion = 16.0.28803.156
MinimumVisualStudioVersion = 10.0.40219.1
Project("{FAE04EC0-301F-11D3-BF4B-00C04F79EFBC}") = "MonoGame.Extended.Framework", "MonoGame.Extended.Framework\MonoGame.Extended.Framework.csproj", "{A1BA5F66-D116-4B14-A860-0FCDCFF654D1}"
EndProject
Project("{FAE04EC0-301F-11D3-BF4B-00C04F79EFBC}") = "MonoGame.Extended.Collisions.Framework", "MonoGame.Extended.Collisions.Framework\MonoGame.Extended.Collisions.Framework.csproj", "{6E28BC89-2545-432F-B875-539C496D8876}"
EndProject
Project("{FAE04EC0-301F-11D3-BF4B-00C04F79EFBC}") = "MonoGame.Extended.Entities.Framework", "MonoGame.Extended.Entities.Framework\MonoGame.Extended.Entities.Framework.csproj", "{3897073C-F068-4935-A2A0-162E633D534C}"
EndProject
Project("{FAE04EC0-301F-11D3-BF4B-00C04F79EFBC}") = "MonoGame.Extended.Content.Pipeline.Framework", "MonoGame.Extended.Content.Pipeline.Framework\MonoGame.Extended.Content.Pipeline.Framework.csproj", "{CD8961A0-5AC7-4937-A9F9-6EB2A9C46543}"
EndProject
Project("{FAE04EC0-301F-11D3-BF4B-00C04F79EFBC}") = "MonoGame.Extended.Graphics.Framework", "MonoGame.Extended.Graphics.Framework\MonoGame.Extended.Graphics.Framework.csproj", "{0CD69D58-1A7D-4515-A624-82A98F115EA5}"
EndProject
Project("{FAE04EC0-301F-11D3-BF4B-00C04F79EFBC}") = "MonoGame.Extended.Gui.Framework", "MonoGame.Extended.Gui.Framework\MonoGame.Extended.Gui.Framework.csproj", "{9A4FE48C-A234-4E62-AF07-FF7D9A8C27A4}"
EndProject
Project("{FAE04EC0-301F-11D3-BF4B-00C04F79EFBC}") = "MonoGame.Extended.Input.Framework", "MonoGame.Extended.Input.Framework\MonoGame.Extended.Input.Framework.csproj", "{6939AE95-DBF7-4740-8CA2-F39E96868733}"
EndProject
Project("{FAE04EC0-301F-11D3-BF4B-00C04F79EFBC}") = "MonoGame.Extended.Particles.Framework", "MonoGame.Extended.Particles.Framework\MonoGame.Extended.Particles.Framework.csproj", "{5F887318-D93E-4708-AFA2-75C6E8859C92}"
EndProject
Project("{FAE04EC0-301F-11D3-BF4B-00C04F79EFBC}") = "MonoGame.Extended.SceneGraphs.Framework", "MonoGame.Extended.SceneGraphs.Framework\MonoGame.Extended.SceneGraphs.Framework.csproj", "{378442ED-02FE-4A12-92B1-735C62970C56}"
EndProject
Project("{FAE04EC0-301F-11D3-BF4B-00C04F79EFBC}") = "MonoGame.Extended.Tiled.Framework", "MonoGame.Extended.Tiled.Framework\MonoGame.Extended.Tiled.Framework.csproj", "{476D984B-8622-4A28-9C76-04EDB9C0629C}"
EndProject
Project("{FAE04EC0-301F-11D3-BF4B-00C04F79EFBC}") = "MonoGame.Extended.Tweening.Framework", "MonoGame.Extended.Tweening.Framework\MonoGame.Extended.Tweening.Framework.csproj", "{22F80306-8709-4D41-8C17-C4B978F4368C}"
EndProject
Global
	GlobalSection(SolutionConfigurationPlatforms) = preSolution
		Debug|Any CPU = Debug|Any CPU
		Debug|x86 = Debug|x86
		Release|Any CPU = Release|Any CPU
		Release|x86 = Release|x86
	EndGlobalSection
	GlobalSection(ProjectConfigurationPlatforms) = postSolution
		{A1BA5F66-D116-4B14-A860-0FCDCFF654D1}.Debug|Any CPU.ActiveCfg = Debug|Any CPU
		{A1BA5F66-D116-4B14-A860-0FCDCFF654D1}.Debug|Any CPU.Build.0 = Debug|Any CPU
		{A1BA5F66-D116-4B14-A860-0FCDCFF654D1}.Debug|x86.ActiveCfg = Debug|Any CPU
		{A1BA5F66-D116-4B14-A860-0FCDCFF654D1}.Debug|x86.Build.0 = Debug|Any CPU
		{A1BA5F66-D116-4B14-A860-0FCDCFF654D1}.Release|Any CPU.ActiveCfg = Release|Any CPU
		{A1BA5F66-D116-4B14-A860-0FCDCFF654D1}.Release|Any CPU.Build.0 = Release|Any CPU
		{A1BA5F66-D116-4B14-A860-0FCDCFF654D1}.Release|x86.ActiveCfg = Release|Any CPU
		{A1BA5F66-D116-4B14-A860-0FCDCFF654D1}.Release|x86.Build.0 = Release|Any CPU
		{6E28BC89-2545-432F-B875-539C496D8876}.Debug|Any CPU.ActiveCfg = Debug|Any CPU
		{6E28BC89-2545-432F-B875-539C496D8876}.Debug|Any CPU.Build.0 = Debug|Any CPU
		{6E28BC89-2545-432F-B875-539C496D8876}.Debug|x86.ActiveCfg = Debug|Any CPU
		{6E28BC89-2545-432F-B875-539C496D8876}.Debug|x86.Build.0 = Debug|Any CPU
		{6E28BC89-2545-432F-B875-539C496D8876}.Release|Any CPU.ActiveCfg = Release|Any CPU
		{6E28BC89-2545-432F-B875-539C496D8876}.Release|Any CPU.Build.0 = Release|Any CPU
		{6E28BC89-2545-432F-B875-539C496D8876}.Release|x86.ActiveCfg = Release|Any CPU
		{6E28BC89-2545-432F-B875-539C496D8876}.Release|x86.Build.0 = Release|Any CPU
		{3897073C-F068-4935-A2A0-162E633D534C}.Debug|Any CPU.ActiveCfg = Debug|Any CPU
		{3897073C-F068-4935-A2A0-162E633D534C}.Debug|Any CPU.Build.0 = Debug|Any CPU
		{3897073C-F068-4935-A2A0-162E633D534C}.Debug|x86.ActiveCfg = Debug|Any CPU
		{3897073C-F068-4935-A2A0-162E633D534C}.Debug|x86.Build.0 = Debug|Any CPU
		{3897073C-F068-4935-A2A0-162E633D534C}.Release|Any CPU.ActiveCfg = Release|Any CPU
		{3897073C-F068-4935-A2A0-162E633D534C}.Release|Any CPU.Build.0 = Release|Any CPU
		{3897073C-F068-4935-A2A0-162E633D534C}.Release|x86.ActiveCfg = Release|Any CPU
		{3897073C-F068-4935-A2A0-162E633D534C}.Release|x86.Build.0 = Release|Any CPU
		{CD8961A0-5AC7-4937-A9F9-6EB2A9C46543}.Debug|Any CPU.ActiveCfg = Debug|Any CPU
		{CD8961A0-5AC7-4937-A9F9-6EB2A9C46543}.Debug|Any CPU.Build.0 = Debug|Any CPU
		{CD8961A0-5AC7-4937-A9F9-6EB2A9C46543}.Debug|x86.ActiveCfg = Debug|Any CPU
		{CD8961A0-5AC7-4937-A9F9-6EB2A9C46543}.Debug|x86.Build.0 = Debug|Any CPU
		{CD8961A0-5AC7-4937-A9F9-6EB2A9C46543}.Release|Any CPU.ActiveCfg = Release|Any CPU
		{CD8961A0-5AC7-4937-A9F9-6EB2A9C46543}.Release|Any CPU.Build.0 = Release|Any CPU
		{CD8961A0-5AC7-4937-A9F9-6EB2A9C46543}.Release|x86.ActiveCfg = Release|Any CPU
		{CD8961A0-5AC7-4937-A9F9-6EB2A9C46543}.Release|x86.Build.0 = Release|Any CPU
		{0CD69D58-1A7D-4515-A624-82A98F115EA5}.Debug|Any CPU.ActiveCfg = Debug|Any CPU
		{0CD69D58-1A7D-4515-A624-82A98F115EA5}.Debug|Any CPU.Build.0 = Debug|Any CPU
		{0CD69D58-1A7D-4515-A624-82A98F115EA5}.Debug|x86.ActiveCfg = Debug|Any CPU
		{0CD69D58-1A7D-4515-A624-82A98F115EA5}.Debug|x86.Build.0 = Debug|Any CPU
		{0CD69D58-1A7D-4515-A624-82A98F115EA5}.Release|Any CPU.ActiveCfg = Release|Any CPU
		{0CD69D58-1A7D-4515-A624-82A98F115EA5}.Release|Any CPU.Build.0 = Release|Any CPU
		{0CD69D58-1A7D-4515-A624-82A98F115EA5}.Release|x86.ActiveCfg = Release|Any CPU
		{0CD69D58-1A7D-4515-A624-82A98F115EA5}.Release|x86.Build.0 = Release|Any CPU
		{9A4FE48C-A234-4E62-AF07-FF7D9A8C27A4}.Debug|Any CPU.ActiveCfg = Debug|Any CPU
		{9A4FE48C-A234-4E62-AF07-FF7D9A8C27A4}.Debug|Any CPU.Build.0 = Debug|Any CPU
		{9A4FE48C-A234-4E62-AF07-FF7D9A8C27A4}.Debug|x86.ActiveCfg = Debug|Any CPU
		{9A4FE48C-A234-4E62-AF07-FF7D9A8C27A4}.Debug|x86.Build.0 = Debug|Any CPU
		{9A4FE48C-A234-4E62-AF07-FF7D9A8C27A4}.Release|Any CPU.ActiveCfg = Release|Any CPU
		{9A4FE48C-A234-4E62-AF07-FF7D9A8C27A4}.Release|Any CPU.Build.0 = Release|Any CPU
		{9A4FE48C-A234-4E62-AF07-FF7D9A8C27A4}.Release|x86.ActiveCfg = Release|Any CPU
		{9A4FE48C-A234-4E62-AF07-FF7D9A8C27A4}.Release|x86.Build.0 = Release|Any CPU
		{6939AE95-DBF7-4740-8CA2-F39E96868733}.Debug|Any CPU.ActiveCfg = Debug|Any CPU
		{6939AE95-DBF7-4740-8CA2-F39E96868733}.Debug|Any CPU.Build.0 = Debug|Any CPU
		{6939AE95-DBF7-4740-8CA2-F39E96868733}.Debug|x86.ActiveCfg = Debug|Any CPU
		{6939AE95-DBF7-4740-8CA2-F39E96868733}.Debug|x86.Build.0 = Debug|Any CPU
		{6939AE95-DBF7-4740-8CA2-F39E96868733}.Release|Any CPU.ActiveCfg = Release|Any CPU
		{6939AE95-DBF7-4740-8CA2-F39E96868733}.Release|Any CPU.Build.0 = Release|Any CPU
		{6939AE95-DBF7-4740-8CA2-F39E96868733}.Release|x86.ActiveCfg = Release|Any CPU
		{6939AE95-DBF7-4740-8CA2-F39E96868733}.Release|x86.Build.0 = Release|Any CPU
		{5F887318-D93E-4708-AFA2-75C6E8859C92}.Debug|Any CPU.ActiveCfg = Debug|Any CPU
		{5F887318-D93E-4708-AFA2-75C6E8859C92}.Debug|Any CPU.Build.0 = Debug|Any CPU
		{5F887318-D93E-4708-AFA2-75C6E8859C92}.Debug|x86.ActiveCfg = Debug|Any CPU
		{5F887318-D93E-4708-AFA2-75C6E8859C92}.Debug|x86.Build.0 = Debug|Any CPU
		{5F887318-D93E-4708-AFA2-75C6E8859C92}.Release|Any CPU.ActiveCfg = Release|Any CPU
		{5F887318-D93E-4708-AFA2-75C6E8859C92}.Release|Any CPU.Build.0 = Release|Any CPU
		{5F887318-D93E-4708-AFA2-75C6E8859C92}.Release|x86.ActiveCfg = Release|Any CPU
		{5F887318-D93E-4708-AFA2-75C6E8859C92}.Release|x86.Build.0 = Release|Any CPU
		{378442ED-02FE-4A12-92B1-735C62970C56}.Debug|Any CPU.ActiveCfg = Debug|Any CPU
		{378442ED-02FE-4A12-92B1-735C62970C56}.Debug|Any CPU.Build.0 = Debug|Any CPU
		{378442ED-02FE-4A12-92B1-735C62970C56}.Debug|x86.ActiveCfg = Debug|Any CPU
		{378442ED-02FE-4A12-92B1-735C62970C56}.Debug|x86.Build.0 = Debug|Any CPU
		{378442ED-02FE-4A12-92B1-735C62970C56}.Release|Any CPU.ActiveCfg = Release|Any CPU
		{378442ED-02FE-4A12-92B1-735C62970C56}.Release|Any CPU.Build.0 = Release|Any CPU
		{378442ED-02FE-4A12-92B1-735C62970C56}.Release|x86.ActiveCfg = Release|Any CPU
		{378442ED-02FE-4A12-92B1-735C62970C56}.Release|x86.Build.0 = Release|Any CPU
		{476D984B-8622-4A28-9C76-04EDB9C0629C}.Debug|Any CPU.ActiveCfg = Debug|Any CPU
		{476D984B-8622-4A28-9C76-04EDB9C0629C}.Debug|Any CPU.Build.0 = Debug|Any CPU
		{476D984B-8622-4A28-9C76-04EDB9C0629C}.Debug|x86.ActiveCfg = Debug|Any CPU
		{476D984B-8622-4A28-9C76-04EDB9C0629C}.Debug|x86.Build.0 = Debug|Any CPU
		{476D984B-8622-4A28-9C76-04EDB9C0629C}.Release|Any CPU.ActiveCfg = Release|Any CPU
		{476D984B-8622-4A28-9C76-04EDB9C0629C}.Release|Any CPU.Build.0 = Release|Any CPU
		{476D984B-8622-4A28-9C76-04EDB9C0629C}.Release|x86.ActiveCfg = Release|Any CPU
		{476D984B-8622-4A28-9C76-04EDB9C0629C}.Release|x86.Build.0 = Release|Any CPU
		{22F80306-8709-4D41-8C17-C4B978F4368C}.Debug|Any CPU.ActiveCfg = Debug|Any CPU
		{22F80306-8709-4D41-8C17-C4B978F4368C}.Debug|Any CPU.Build.0 = Debug|Any CPU
		{22F80306-8709-4D41-8C17-C4B978F4368C}.Debug|x86.ActiveCfg = Debug|Any CPU
		{22F80306-8709-4D41-8C17-C4B978F4368C}.Debug|x86.Build.0 = Debug|Any CPU
		{22F80306-8709-4D41-8C17-C4B978F4368C}.Release|Any CPU.ActiveCfg = Release|Any CPU
		{22F80306-8709-4D41-8C17-C4B978F4368C}.Release|Any CPU.Build.0 = Release|Any CPU
		{22F80306-8709-4D41-8C17-C4B978F4368C}.Release|x86.ActiveCfg = Release|Any CPU
		{22F80306-8709-4D41-8C17-C4B978F4368C}.Release|x86.Build.0 = Release|Any CPU
	EndGlobalSection
	GlobalSection(SolutionProperties) = preSolution
		HideSolutionNode = FALSE
	EndGlobalSection
	GlobalSection(ExtensibilityGlobals) = postSolution
		SolutionGuid = {8ED5A62D-25EC-4331-9F99-BDD1E10C02A0}
	EndGlobalSection
EndGlobal
